
Microsoft Visual Studio Solution File, Format Version 12.00
# Visual Studio 15
VisualStudioVersion = 15.0.27703.2042
MinimumVisualStudioVersion = 10.0.40219.1
Project("{9A19103F-16F7-4668-BE54-9A1E7A4F7556}") = "MicroServiceEstoque", "estoque\MicroServiceEstoque.csproj", "{7CA47245-27B8-47B7-B021-D054CAA53B36}"
EndProject
Project("{FAE04EC0-301F-11D3-BF4B-00C04F79EFBC}") = "WebEstoqueFramework", "WebEstoqueFramework\WebEstoqueFramework.csproj", "{1859C580-6B37-4449-B806-BD0B3281BA4D}"
EndProject
Global
	GlobalSection(SolutionConfigurationPlatforms) = preSolution
		Debug|Any CPU = Debug|Any CPU
		Release|Any CPU = Release|Any CPU
	EndGlobalSection
	GlobalSection(ProjectConfigurationPlatforms) = postSolution
		{7CA47245-27B8-47B7-B021-D054CAA53B36}.Debug|Any CPU.ActiveCfg = Debug|Any CPU
		{7CA47245-27B8-47B7-B021-D054CAA53B36}.Debug|Any CPU.Build.0 = Debug|Any CPU
		{7CA47245-27B8-47B7-B021-D054CAA53B36}.Release|Any CPU.ActiveCfg = Release|Any CPU
		{7CA47245-27B8-47B7-B021-D054CAA53B36}.Release|Any CPU.Build.0 = Release|Any CPU
		{1859C580-6B37-4449-B806-BD0B3281BA4D}.Debug|Any CPU.ActiveCfg = Debug|Any CPU
		{1859C580-6B37-4449-B806-BD0B3281BA4D}.Debug|Any CPU.Build.0 = Debug|Any CPU
		{1859C580-6B37-4449-B806-BD0B3281BA4D}.Release|Any CPU.ActiveCfg = Release|Any CPU
		{1859C580-6B37-4449-B806-BD0B3281BA4D}.Release|Any CPU.Build.0 = Release|Any CPU
	EndGlobalSection
	GlobalSection(SolutionProperties) = preSolution
		HideSolutionNode = FALSE
	EndGlobalSection
	GlobalSection(ExtensibilityGlobals) = postSolution
		SolutionGuid = {FE6A66D8-F12E-4018-B8C3-40D4F917E400}
	EndGlobalSection
EndGlobal
